// !$*UTF8*$!
{
	archiveVersion = 1;
	classes = {
	};
	objectVersion = 77;
	objects = {

/* Begin PBXBuildFile section */
		A10000000000000000000001 /* BundlePackApp.swift in Sources */ = {isa = PBXBuildFile; fileRef = A20000000000000000000001 /* BundlePackApp.swift */; };
		A10000000000000000000002 /* AppModel.swift in Sources */ = {isa = PBXBuildFile; fileRef = A20000000000000000000002 /* AppModel.swift */; };
		A1000000000000000000001F /* AppModel.Input.swift in Sources */ = {isa = PBXBuildFile; fileRef = A20000000000000000000020 /* AppModel.Input.swift */; };
		A10000000000000000000003 /* ContentView.swift in Sources */ = {isa = PBXBuildFile; fileRef = A20000000000000000000003 /* ContentView.swift */; };
		A10000000000000000000016 /* CreatePackageView.swift in Sources */ = {isa = PBXBuildFile; fileRef = A20000000000000000000019 /* CreatePackageView.swift */; };
		A10000000000000000000017 /* PasswordGeneratorSheet.swift in Sources */ = {isa = PBXBuildFile; fileRef = A2000000000000000000001A /* PasswordGeneratorSheet.swift */; };
		A10000000000000000000018 /* OpenPackageView.swift in Sources */ = {isa = PBXBuildFile; fileRef = A2000000000000000000001B /* OpenPackageView.swift */; };
		A10000000000000000000019 /* ViewComponents.swift in Sources */ = {isa = PBXBuildFile; fileRef = A2000000000000000000001C /* ViewComponents.swift */; };
		A10000000000000000000004 /* PackageBuilder.swift in Sources */ = {isa = PBXBuildFile; fileRef = A20000000000000000000004 /* PackageBuilder.swift */; };
		A1000000000000000000001E /* PackageBuilder.IO.swift in Sources */ = {isa = PBXBuildFile; fileRef = A2000000000000000000001F /* PackageBuilder.IO.swift */; };
		A10000000000000000000005 /* PackageManifest.swift in Sources */ = {isa = PBXBuildFile; fileRef = A20000000000000000000005 /* PackageManifest.swift */; };
		A10000000000000000000006 /* ZipArchiveInspector.swift in Sources */ = {isa = PBXBuildFile; fileRef = A20000000000000000000006 /* ZipArchiveInspector.swift */; };
		A1000000000000000000001A /* ZipArchiveInspector.Validation.swift in Sources */ = {isa = PBXBuildFile; fileRef = A2000000000000000000001D /* ZipArchiveInspector.Validation.swift */; };
		A10000000000000000000007 /* AppIcon.icns in Resources */ = {isa = PBXBuildFile; fileRef = A20000000000000000000007 /* AppIcon.icns */; };
		A10000000000000000000009 /* DefaultPackageIcon.png in Resources */ = {isa = PBXBuildFile; fileRef = A20000000000000000000009 /* DefaultPackageIcon.png */; };
		A1000000000000000000000A /* ThumbnailProvider.swift in Sources */ = {isa = PBXBuildFile; fileRef = A2000000000000000000000A /* ThumbnailProvider.swift */; };
		A1000000000000000000000B /* PackageManifest.swift in Sources */ = {isa = PBXBuildFile; fileRef = A20000000000000000000005 /* PackageManifest.swift */; };
		A1000000000000000000000C /* ZipArchiveInspector.swift in Sources */ = {isa = PBXBuildFile; fileRef = A20000000000000000000006 /* ZipArchiveInspector.swift */; };
		A1000000000000000000001B /* ZipArchiveInspector.Validation.swift in Sources */ = {isa = PBXBuildFile; fileRef = A2000000000000000000001D /* ZipArchiveInspector.Validation.swift */; };
		A10000000000000000000010 /* BundlePackThumbnail.appex in Embed App Extensions */ = {isa = PBXBuildFile; fileRef = A20000000000000000000012 /* BundlePackThumbnail.appex */; settings = {ATTRIBUTES = (CodeSignOnCopy, RemoveHeadersOnCopy, ); }; };
		A10000000000000000000012 /* EncryptedContainer.swift in Sources */ = {isa = PBXBuildFile; fileRef = A20000000000000000000017 /* EncryptedContainer.swift */; };
		A10000000000000000000013 /* EncryptedContainer.swift in Sources */ = {isa = PBXBuildFile; fileRef = A20000000000000000000017 /* EncryptedContainer.swift */; };
		A1000000000000000000001C /* EncryptedContainer.Header.swift in Sources */ = {isa = PBXBuildFile; fileRef = A2000000000000000000001E /* EncryptedContainer.Header.swift */; };
		A1000000000000000000001D /* EncryptedContainer.Header.swift in Sources */ = {isa = PBXBuildFile; fileRef = A2000000000000000000001E /* EncryptedContainer.Header.swift */; };
		A10000000000000000000015 /* PasswordGenerator.swift in Sources */ = {isa = PBXBuildFile; fileRef = A20000000000000000000018 /* PasswordGenerator.swift */; };
/* End PBXBuildFile section */

/* Begin PBXContainerItemProxy section */
		A30000000000000000000001 /* PBXContainerItemProxy */ = {
			isa = PBXContainerItemProxy;
			containerPortal = A80000000000000000000001 /* Project object */;
			proxyType = 1;
			remoteGlobalIDString = A70000000000000000000002;
			remoteInfo = BundlePackThumbnail;
		};
/* End PBXContainerItemProxy section */

/* Begin PBXCopyFilesBuildPhase section */
		A50000000000000000000003 /* Embed App Extensions */ = {
			isa = PBXCopyFilesBuildPhase;
			buildActionMask = 2147483647;
			dstPath = "";
			dstSubfolderSpec = 13;
			files = (
				A10000000000000000000010 /* BundlePackThumbnail.appex in Embed App Extensions */,
			);
			name = "Embed App Extensions";
			runOnlyForDeploymentPostprocessing = 0;
		};
/* End PBXCopyFilesBuildPhase section */

/* Begin PBXFileReference section */
		A20000000000000000000001 /* BundlePackApp.swift */ = {isa = PBXFileReference; lastKnownFileType = sourcecode.swift; path = BundlePackApp.swift; sourceTree = "<group>"; };
		A20000000000000000000002 /* AppModel.swift */ = {isa = PBXFileReference; lastKnownFileType = sourcecode.swift; path = AppModel.swift; sourceTree = "<group>"; };
		A20000000000000000000020 /* AppModel.Input.swift */ = {isa = PBXFileReference; lastKnownFileType = sourcecode.swift; path = AppModel.Input.swift; sourceTree = "<group>"; };
		A20000000000000000000003 /* ContentView.swift */ = {isa = PBXFileReference; lastKnownFileType = sourcecode.swift; path = ContentView.swift; sourceTree = "<group>"; };
		A20000000000000000000019 /* CreatePackageView.swift */ = {isa = PBXFileReference; lastKnownFileType = sourcecode.swift; path = CreatePackageView.swift; sourceTree = "<group>"; };
		A2000000000000000000001A /* PasswordGeneratorSheet.swift */ = {isa = PBXFileReference; lastKnownFileType = sourcecode.swift; path = PasswordGeneratorSheet.swift; sourceTree = "<group>"; };
		A2000000000000000000001B /* OpenPackageView.swift */ = {isa = PBXFileReference; lastKnownFileType = sourcecode.swift; path = OpenPackageView.swift; sourceTree = "<group>"; };
		A2000000000000000000001C /* ViewComponents.swift */ = {isa = PBXFileReference; lastKnownFileType = sourcecode.swift; path = ViewComponents.swift; sourceTree = "<group>"; };
		A20000000000000000000004 /* PackageBuilder.swift */ = {isa = PBXFileReference; lastKnownFileType = sourcecode.swift; path = PackageBuilder.swift; sourceTree = "<group>"; };
		A2000000000000000000001F /* PackageBuilder.IO.swift */ = {isa = PBXFileReference; lastKnownFileType = sourcecode.swift; path = PackageBuilder.IO.swift; sourceTree = "<group>"; };
		A20000000000000000000005 /* PackageManifest.swift */ = {isa = PBXFileReference; lastKnownFileType = sourcecode.swift; path = PackageManifest.swift; sourceTree = "<group>"; };
		A20000000000000000000006 /* ZipArchiveInspector.swift */ = {isa = PBXFileReference; lastKnownFileType = sourcecode.swift; path = ZipArchiveInspector.swift; sourceTree = "<group>"; };
		A2000000000000000000001D /* ZipArchiveInspector.Validation.swift */ = {isa = PBXFileReference; lastKnownFileType = sourcecode.swift; path = ZipArchiveInspector.Validation.swift; sourceTree = "<group>"; };
		A20000000000000000000007 /* AppIcon.icns */ = {isa = PBXFileReference; lastKnownFileType = image.icns; path = AppIcon.icns; sourceTree = "<group>"; };
		A20000000000000000000009 /* DefaultPackageIcon.png */ = {isa = PBXFileReference; lastKnownFileType = image.png; path = DefaultPackageIcon.png; sourceTree = "<group>"; };
		A2000000000000000000000A /* ThumbnailProvider.swift */ = {isa = PBXFileReference; lastKnownFileType = sourcecode.swift; path = ThumbnailProvider.swift; sourceTree = "<group>"; };
		A2000000000000000000000C /* App Info.plist */ = {isa = PBXFileReference; lastKnownFileType = text.plist.xml; path = Info.plist; sourceTree = "<group>"; };
		A2000000000000000000000D /* Thumbnail Info.plist */ = {isa = PBXFileReference; lastKnownFileType = text.plist.xml; path = Info.plist; sourceTree = "<group>"; };
		A2000000000000000000000F /* BundlePackThumbnail.entitlements */ = {isa = PBXFileReference; lastKnownFileType = text.plist.entitlements; path = BundlePackThumbnail.entitlements; sourceTree = "<group>"; };
		A20000000000000000000011 /* BundlePack.app */ = {isa = PBXFileReference; explicitFileType = wrapper.application; includeInIndex = 0; path = BundlePack.app; sourceTree = BUILT_PRODUCTS_DIR; };
		A20000000000000000000012 /* BundlePackThumbnail.appex */ = {isa = PBXFileReference; explicitFileType = "wrapper.app-extension"; includeInIndex = 0; path = BundlePackThumbnail.appex; sourceTree = BUILT_PRODUCTS_DIR; };
		A20000000000000000000017 /* EncryptedContainer.swift */ = {isa = PBXFileReference; lastKnownFileType = sourcecode.swift; path = EncryptedContainer.swift; sourceTree = "<group>"; };
		A2000000000000000000001E /* EncryptedContainer.Header.swift */ = {isa = PBXFileReference; lastKnownFileType = sourcecode.swift; path = EncryptedContainer.Header.swift; sourceTree = "<group>"; };
		A20000000000000000000018 /* PasswordGenerator.swift */ = {isa = PBXFileReference; lastKnownFileType = sourcecode.swift; path = PasswordGenerator.swift; sourceTree = "<group>"; };
/* End PBXFileReference section */

/* Begin PBXFrameworksBuildPhase section */
		A50000000000000000000004 /* Frameworks */ = {isa = PBXFrameworksBuildPhase; buildActionMask = 2147483647; files = (); runOnlyForDeploymentPostprocessing = 0; };
		A50000000000000000000007 /* Frameworks */ = {isa = PBXFrameworksBuildPhase; buildActionMask = 2147483647; files = (); runOnlyForDeploymentPostprocessing = 0; };
/* End PBXFrameworksBuildPhase section */

/* Begin PBXGroup section */
		A40000000000000000000001 = {
			isa = PBXGroup;
			children = (
				A40000000000000000000002 /* BundlePack */,
				A40000000000000000000008 /* Products */,
			);
			sourceTree = "<group>";
		};
		A40000000000000000000002 /* BundlePack */ = {
			isa = PBXGroup;
			children = (
				A40000000000000000000003 /* App */,
				A40000000000000000000004 /* Shared */,
				A40000000000000000000005 /* Resources */,
				A40000000000000000000006 /* ThumbnailExtension */,
			);
			path = BundlePack;
			sourceTree = "<group>";
		};
		A40000000000000000000003 /* App */ = {
			isa = PBXGroup;
			children = (
				A20000000000000000000001 /* BundlePackApp.swift */,
				A20000000000000000000002 /* AppModel.swift */,
				A20000000000000000000020 /* AppModel.Input.swift */,
				A40000000000000000000009 /* Views */,
				A20000000000000000000018 /* PasswordGenerator.swift */,
				A20000000000000000000004 /* PackageBuilder.swift */,
				A2000000000000000000001F /* PackageBuilder.IO.swift */,
				A2000000000000000000000C /* App Info.plist */,
			);
			path = App;
			sourceTree = "<group>";
		};
		A40000000000000000000009 /* Views */ = {
			isa = PBXGroup;
			children = (
				A20000000000000000000003 /* ContentView.swift */,
				A20000000000000000000019 /* CreatePackageView.swift */,
				A2000000000000000000001A /* PasswordGeneratorSheet.swift */,
				A2000000000000000000001B /* OpenPackageView.swift */,
				A2000000000000000000001C /* ViewComponents.swift */,
			);
			path = Views;
			sourceTree = "<group>";
		};
		A40000000000000000000004 /* Shared */ = {
			isa = PBXGroup;
			children = (
				A20000000000000000000005 /* PackageManifest.swift */,
				A20000000000000000000006 /* ZipArchiveInspector.swift */,
				A2000000000000000000001D /* ZipArchiveInspector.Validation.swift */,
				A20000000000000000000017 /* EncryptedContainer.swift */,
				A2000000000000000000001E /* EncryptedContainer.Header.swift */,
			);
			path = Shared;
			sourceTree = "<group>";
		};
		A40000000000000000000005 /* Resources */ = {
			isa = PBXGroup;
			children = (
				A20000000000000000000007 /* AppIcon.icns */,
				A20000000000000000000009 /* DefaultPackageIcon.png */,
			);
			path = Resources;
			sourceTree = "<group>";
		};
		A40000000000000000000006 /* ThumbnailExtension */ = {
			isa = PBXGroup;
			children = (
				A2000000000000000000000A /* ThumbnailProvider.swift */,
				A2000000000000000000000D /* Thumbnail Info.plist */,
				A2000000000000000000000F /* BundlePackThumbnail.entitlements */,
			);
			path = ThumbnailExtension;
			sourceTree = "<group>";
		};
		A40000000000000000000008 /* Products */ = {
			isa = PBXGroup;
			children = (
				A20000000000000000000011 /* BundlePack.app */,
				A20000000000000000000012 /* BundlePackThumbnail.appex */,
			);
			name = Products;
			sourceTree = "<group>";
		};
/* End PBXGroup section */

/* Begin PBXNativeTarget section */
		A70000000000000000000001 /* BundlePack */ = {
			isa = PBXNativeTarget;
			buildConfigurationList = AA0000000000000000000002 /* Build configuration list for PBXNativeTarget "BundlePack" */;
			buildPhases = (
				A50000000000000000000001 /* Sources */,
				A50000000000000000000004 /* Frameworks */,
				A50000000000000000000002 /* Resources */,
				A50000000000000000000003 /* Embed App Extensions */,
			);
			buildRules = ();
			dependencies = (
				A60000000000000000000001 /* PBXTargetDependency */,
			);
			name = BundlePack;
			productName = BundlePack;
			productReference = A20000000000000000000011 /* BundlePack.app */;
			productType = "com.apple.product-type.application";
		};
		A70000000000000000000002 /* BundlePackThumbnail */ = {
			isa = PBXNativeTarget;
			buildConfigurationList = AA0000000000000000000003 /* Build configuration list for PBXNativeTarget "BundlePackThumbnail" */;
			buildPhases = (
				A50000000000000000000005 /* Sources */,
				A50000000000000000000007 /* Frameworks */,
				A50000000000000000000006 /* Resources */,
			);
			buildRules = ();
			dependencies = ();
			name = BundlePackThumbnail;
			productName = BundlePackThumbnail;
			productReference = A20000000000000000000012 /* BundlePackThumbnail.appex */;
			productType = "com.apple.product-type.app-extension";
		};
/* End PBXNativeTarget section */

/* Begin PBXProject section */
		A80000000000000000000001 /* Project object */ = {
			isa = PBXProject;
			attributes = {
				BuildIndependentTargetsInParallel = 1;
				LastSwiftUpdateCheck = 2620;
				LastUpgradeCheck = 2620;
				TargetAttributes = {
					A70000000000000000000001 = { CreatedOnToolsVersion = 26.2; };
					A70000000000000000000002 = { CreatedOnToolsVersion = 26.2; };
				};
			};
			buildConfigurationList = AA0000000000000000000001 /* Build configuration list for PBXProject "BundlePack" */;
			developmentRegion = en;
			hasScannedForEncodings = 0;
			knownRegions = (en, Base, );
			mainGroup = A40000000000000000000001;
			preferredProjectObjectVersion = 77;
			productRefGroup = A40000000000000000000008 /* Products */;
			projectDirPath = "";
			projectRoot = "";
			targets = (
				A70000000000000000000001 /* BundlePack */,
				A70000000000000000000002 /* BundlePackThumbnail */,
			);
		};
/* End PBXProject section */

/* Begin PBXResourcesBuildPhase section */
		A50000000000000000000002 /* Resources */ = {
			isa = PBXResourcesBuildPhase;
			buildActionMask = 2147483647;
			files = (
				A10000000000000000000007 /* AppIcon.icns in Resources */,
				A10000000000000000000009 /* DefaultPackageIcon.png in Resources */,
			);
			runOnlyForDeploymentPostprocessing = 0;
		};
		A50000000000000000000006 /* Resources */ = {isa = PBXResourcesBuildPhase; buildActionMask = 2147483647; files = (); runOnlyForDeploymentPostprocessing = 0; };
/* End PBXResourcesBuildPhase section */

/* Begin PBXSourcesBuildPhase section */
		A50000000000000000000001 /* Sources */ = {
			isa = PBXSourcesBuildPhase;
			buildActionMask = 2147483647;
			files = (
				A10000000000000000000001 /* BundlePackApp.swift in Sources */,
				A10000000000000000000002 /* AppModel.swift in Sources */,
				A1000000000000000000001F /* AppModel.Input.swift in Sources */,
				A10000000000000000000003 /* ContentView.swift in Sources */,
				A10000000000000000000016 /* CreatePackageView.swift in Sources */,
				A10000000000000000000017 /* PasswordGeneratorSheet.swift in Sources */,
				A10000000000000000000018 /* OpenPackageView.swift in Sources */,
				A10000000000000000000019 /* ViewComponents.swift in Sources */,
				A10000000000000000000015 /* PasswordGenerator.swift in Sources */,
				A10000000000000000000004 /* PackageBuilder.swift in Sources */,
				A1000000000000000000001E /* PackageBuilder.IO.swift in Sources */,
				A10000000000000000000005 /* PackageManifest.swift in Sources */,
				A10000000000000000000006 /* ZipArchiveInspector.swift in Sources */,
				A1000000000000000000001A /* ZipArchiveInspector.Validation.swift in Sources */,
				A10000000000000000000012 /* EncryptedContainer.swift in Sources */,
				A1000000000000000000001C /* EncryptedContainer.Header.swift in Sources */,
			);
			runOnlyForDeploymentPostprocessing = 0;
		};
		A50000000000000000000005 /* Sources */ = {
			isa = PBXSourcesBuildPhase;
			buildActionMask = 2147483647;
			files = (
				A1000000000000000000000A /* ThumbnailProvider.swift in Sources */,
				A1000000000000000000000B /* PackageManifest.swift in Sources */,
				A1000000000000000000000C /* ZipArchiveInspector.swift in Sources */,
				A1000000000000000000001B /* ZipArchiveInspector.Validation.swift in Sources */,
				A10000000000000000000013 /* EncryptedContainer.swift in Sources */,
				A1000000000000000000001D /* EncryptedContainer.Header.swift in Sources */,
			);
			runOnlyForDeploymentPostprocessing = 0;
		};
/* End PBXSourcesBuildPhase section */

/* Begin PBXTargetDependency section */
		A60000000000000000000001 /* PBXTargetDependency */ = {isa = PBXTargetDependency; target = A70000000000000000000002 /* BundlePackThumbnail */; targetProxy = A30000000000000000000001 /* PBXContainerItemProxy */; };
/* End PBXTargetDependency section */

/* Begin XCBuildConfiguration section */
		A90000000000000000000001 /* Debug */ = {
			isa = XCBuildConfiguration;
			buildSettings = {
				ALWAYS_SEARCH_USER_PATHS = NO;
				CLANG_ENABLE_MODULES = YES;
				CLANG_ENABLE_OBJC_ARC = YES;
				COPY_PHASE_STRIP = NO;
				DEBUG_INFORMATION_FORMAT = dwarf;
				ENABLE_TESTABILITY = YES;
				GCC_C_LANGUAGE_STANDARD = gnu17;
				GCC_OPTIMIZATION_LEVEL = 0;
				MACOSX_DEPLOYMENT_TARGET = 15.0;
				ONLY_ACTIVE_ARCH = YES;
				SDKROOT = macosx;
				SWIFT_ACTIVE_COMPILATION_CONDITIONS = "DEBUG $(inherited)";
				SWIFT_OPTIMIZATION_LEVEL = "-Onone";
			};
			name = Debug;
		};
		A90000000000000000000002 /* Release */ = {
			isa = XCBuildConfiguration;
			buildSettings = {
				ALWAYS_SEARCH_USER_PATHS = NO;
				CLANG_ENABLE_MODULES = YES;
				CLANG_ENABLE_OBJC_ARC = YES;
				COPY_PHASE_STRIP = NO;
				DEBUG_INFORMATION_FORMAT = "dwarf-with-dsym";
				GCC_C_LANGUAGE_STANDARD = gnu17;
				MACOSX_DEPLOYMENT_TARGET = 15.0;
				SDKROOT = macosx;
				SWIFT_COMPILATION_MODE = wholemodule;
				SWIFT_OPTIMIZATION_LEVEL = "-O";
			};
			name = Release;
		};
		A90000000000000000000003 /* Debug */ = {
			isa = XCBuildConfiguration;
			buildSettings = {
				CODE_SIGN_IDENTITY = "-";
				CODE_SIGN_STYLE = Automatic;
				COMBINE_HIDPI_IMAGES = YES;
				CURRENT_PROJECT_VERSION = 16;
				ENABLE_APP_SANDBOX = NO;
				ENABLE_HARDENED_RUNTIME = YES;
				GENERATE_INFOPLIST_FILE = NO;
				INFOPLIST_FILE = BundlePack/App/Info.plist;
				LD_RUNPATH_SEARCH_PATHS = "$(inherited) @executable_path/../Frameworks";
				MARKETING_VERSION = 0.1.0;
				PRODUCT_BUNDLE_IDENTIFIER = com.tuki0918.BundlePack;
				PRODUCT_NAME = "$(TARGET_NAME)";
				SWIFT_EMIT_LOC_STRINGS = YES;
				SWIFT_VERSION = 5.0;
			};
			name = Debug;
		};
		A90000000000000000000004 /* Release */ = {
			isa = XCBuildConfiguration;
			buildSettings = {
				CODE_SIGN_IDENTITY = "-";
				CODE_SIGN_STYLE = Automatic;
				COMBINE_HIDPI_IMAGES = YES;
				CURRENT_PROJECT_VERSION = 16;
				ENABLE_APP_SANDBOX = NO;
				ENABLE_HARDENED_RUNTIME = YES;
				GENERATE_INFOPLIST_FILE = NO;
				INFOPLIST_FILE = BundlePack/App/Info.plist;
				LD_RUNPATH_SEARCH_PATHS = "$(inherited) @executable_path/../Frameworks";
				MARKETING_VERSION = 0.1.0;
				PRODUCT_BUNDLE_IDENTIFIER = com.tuki0918.BundlePack;
				PRODUCT_NAME = "$(TARGET_NAME)";
				SWIFT_EMIT_LOC_STRINGS = YES;
				SWIFT_VERSION = 5.0;
			};
			name = Release;
		};
		A90000000000000000000005 /* Debug */ = {
			isa = XCBuildConfiguration;
			buildSettings = {
				APPLICATION_EXTENSION_API_ONLY = YES;
				CODE_SIGN_ENTITLEMENTS = BundlePack/ThumbnailExtension/BundlePackThumbnail.entitlements;
				CODE_SIGN_IDENTITY = "-";
				CODE_SIGN_STYLE = Automatic;
				CURRENT_PROJECT_VERSION = 16;
				ENABLE_HARDENED_RUNTIME = YES;
				GENERATE_INFOPLIST_FILE = NO;
				INFOPLIST_FILE = BundlePack/ThumbnailExtension/Info.plist;
				LD_RUNPATH_SEARCH_PATHS = "$(inherited) @executable_path/../../../../Frameworks @executable_path/../Frameworks";
				MARKETING_VERSION = 0.1.0;
				PRODUCT_BUNDLE_IDENTIFIER = com.tuki0918.BundlePack.Thumbnail;
				PRODUCT_NAME = "$(TARGET_NAME)";
				SKIP_INSTALL = YES;
				SWIFT_VERSION = 5.0;
			};
			name = Debug;
		};
		A90000000000000000000006 /* Release */ = {
			isa = XCBuildConfiguration;
			buildSettings = {
				APPLICATION_EXTENSION_API_ONLY = YES;
				CODE_SIGN_ENTITLEMENTS = BundlePack/ThumbnailExtension/BundlePackThumbnail.entitlements;
				CODE_SIGN_IDENTITY = "-";
				CODE_SIGN_STYLE = Automatic;
				CURRENT_PROJECT_VERSION = 16;
				ENABLE_HARDENED_RUNTIME = YES;
				GENERATE_INFOPLIST_FILE = NO;
				INFOPLIST_FILE = BundlePack/ThumbnailExtension/Info.plist;
				LD_RUNPATH_SEARCH_PATHS = "$(inherited) @executable_path/../../../../Frameworks @executable_path/../Frameworks";
				MARKETING_VERSION = 0.1.0;
				PRODUCT_BUNDLE_IDENTIFIER = com.tuki0918.BundlePack.Thumbnail;
				PRODUCT_NAME = "$(TARGET_NAME)";
				SKIP_INSTALL = YES;
				SWIFT_VERSION = 5.0;
			};
			name = Release;
		};
/* End XCBuildConfiguration section */

/* Begin XCConfigurationList section */
		AA0000000000000000000001 /* Build configuration list for PBXProject "BundlePack" */ = {isa = XCConfigurationList; buildConfigurations = (A90000000000000000000001 /* Debug */, A90000000000000000000002 /* Release */, ); defaultConfigurationIsVisible = 0; defaultConfigurationName = Release; };
		AA0000000000000000000002 /* Build configuration list for PBXNativeTarget "BundlePack" */ = {isa = XCConfigurationList; buildConfigurations = (A90000000000000000000003 /* Debug */, A90000000000000000000004 /* Release */, ); defaultConfigurationIsVisible = 0; defaultConfigurationName = Release; };
		AA0000000000000000000003 /* Build configuration list for PBXNativeTarget "BundlePackThumbnail" */ = {isa = XCConfigurationList; buildConfigurations = (A90000000000000000000005 /* Debug */, A90000000000000000000006 /* Release */, ); defaultConfigurationIsVisible = 0; defaultConfigurationName = Release; };
/* End XCConfigurationList section */
	};
	rootObject = A80000000000000000000001 /* Project object */;
}
